
Microsoft Visual Studio Solution File, Format Version 12.00
# Visual Studio Version 17
VisualStudioVersion = 17.7.34003.232
MinimumVisualStudioVersion = 10.0.40219.1
Project("{FAE04EC0-301F-11D3-BF4B-00C04F79EFBC}") = "WpfApp2", "WpfApp2.csproj", "{4919E021-5B55-40FB-9313-AF4883F578CA}"
EndProject
Global
	GlobalSection(SolutionConfigurationPlatforms) = preSolution
		Debug|Any CPU = Debug|Any CPU
		Release|Any CPU = Release|Any CPU
	EndGlobalSection
	GlobalSection(ProjectConfigurationPlatforms) = postSolution
		{4919E021-5B55-40FB-9313-AF4883F578CA}.Debug|Any CPU.ActiveCfg = Debug|Any CPU
		{4919E021-5B55-40FB-9313-AF4883F578CA}.Debug|Any CPU.Build.0 = Debug|Any CPU
		{4919E021-5B55-40FB-9313-AF4883F578CA}.Release|Any CPU.ActiveCfg = Release|Any CPU
		{4919E021-5B55-40FB-9313-AF4883F578CA}.Release|Any CPU.Build.0 = Release|Any CPU
	EndGlobalSection
	GlobalSection(SolutionProperties) = preSolution
		HideSolutionNode = FALSE
	EndGlobalSection
	GlobalSection(ExtensibilityGlobals) = postSolution
		SolutionGuid = {BD5FE7BE-3FBC-420F-ACBD-540AA7CCC1A2}
	EndGlobalSection
EndGlobal
